
Microsoft Visual Studio Solution File, Format Version 12.00
# Visual Studio Version 16
VisualStudioVersion = 16.0.29020.237
MinimumVisualStudioVersion = 10.0.40219.1
Project("{FAE04EC0-301F-11D3-BF4B-00C04F79EFBC}") = "02_ConsoleApp2", "ConsoleApp2\02_ConsoleApp2.csproj", "{E5DA4156-2199-4FE7-9CAD-50540960432B}"
EndProject
Global
	GlobalSection(SolutionConfigurationPlatforms) = preSolution
		Debug|Any CPU = Debug|Any CPU
		Release|Any CPU = Release|Any CPU
	EndGlobalSection
	GlobalSection(ProjectConfigurationPlatforms) = postSolution
		{E5DA4156-2199-4FE7-9CAD-50540960432B}.Debug|Any CPU.ActiveCfg = Debug|Any CPU
		{E5DA4156-2199-4FE7-9CAD-50540960432B}.Debug|Any CPU.Build.0 = Debug|Any CPU
		{E5DA4156-2199-4FE7-9CAD-50540960432B}.Release|Any CPU.ActiveCfg = Release|Any CPU
		{E5DA4156-2199-4FE7-9CAD-50540960432B}.Release|Any CPU.Build.0 = Release|Any CPU
	EndGlobalSection
	GlobalSection(SolutionProperties) = preSolution
		HideSolutionNode = FALSE
	EndGlobalSection
	GlobalSection(ExtensibilityGlobals) = postSolution
		SolutionGuid = {625245B7-1875-4BCE-B57F-CBCB9A427ACF}
	EndGlobalSection
EndGlobal
